
Microsoft Visual Studio Solution File, Format Version 12.00
# Visual Studio Version 16
VisualStudioVersion = 16.0.33027.164
MinimumVisualStudioVersion = 10.0.40219.1
Project("{FAE04EC0-301F-11D3-BF4B-00C04F79EFBC}") = "AnropaDB", "AnropaDB.csproj", "{1DB4A839-3482-46DA-902F-905BBB0B79DE}"
EndProject
Global
	GlobalSection(SolutionConfigurationPlatforms) = preSolution
		Debug|Any CPU = Debug|Any CPU
		Release|Any CPU = Release|Any CPU
	EndGlobalSection
	GlobalSection(ProjectConfigurationPlatforms) = postSolution
		{1DB4A839-3482-46DA-902F-905BBB0B79DE}.Debug|Any CPU.ActiveCfg = Debug|Any CPU
		{1DB4A839-3482-46DA-902F-905BBB0B79DE}.Debug|Any CPU.Build.0 = Debug|Any CPU
		{1DB4A839-3482-46DA-902F-905BBB0B79DE}.Release|Any CPU.ActiveCfg = Release|Any CPU
		{1DB4A839-3482-46DA-902F-905BBB0B79DE}.Release|Any CPU.Build.0 = Release|Any CPU
	EndGlobalSection
	GlobalSection(SolutionProperties) = preSolution
		HideSolutionNode = FALSE
	EndGlobalSection
	GlobalSection(ExtensibilityGlobals) = postSolution
		SolutionGuid = {AE32D7D4-6146-48EC-95F4-8D2E7D072CFF}
	EndGlobalSection
EndGlobal
